// !$*UTF8*$!
{
	archiveVersion = 1;
	classes = {
	};
	objectVersion = 55;
	objects = {

/* Begin PBXBuildFile section */
		4992EFA028F2022600D5F964 /* AppDelegate.swift in Sources */ = {isa = PBXBuildFile; fileRef = 4992EF9F28F2022600D5F964 /* AppDelegate.swift */; };
		4992EFA228F2022600D5F964 /* SceneDelegate.swift in Sources */ = {isa = PBXBuildFile; fileRef = 4992EFA128F2022600D5F964 /* SceneDelegate.swift */; };
		4992EFA428F2022600D5F964 /* ViewController.swift in Sources */ = {isa = PBXBuildFile; fileRef = 4992EFA328F2022600D5F964 /* ViewController.swift */; };
		4992EFA728F2022700D5F964 /* Main.storyboard in Resources */ = {isa = PBXBuildFile; fileRef = 4992EFA528F2022700D5F964 /* Main.storyboard */; };
		4992EFAA28F2022700D5F964 /* MyFirstApp.xcdatamodeld in Sources */ = {isa = PBXBuildFile; fileRef = 4992EFA828F2022700D5F964 /* MyFirstApp.xcdatamodeld */; };
		4992EFAC28F2022A00D5F964 /* Assets.xcassets in Resources */ = {isa = PBXBuildFile; fileRef = 4992EFAB28F2022A00D5F964 /* Assets.xcassets */; };
		4992EFAF28F2022A00D5F964 /* LaunchScreen.storyboard in Resources */ = {isa = PBXBuildFile; fileRef = 4992EFAD28F2022A00D5F964 /* LaunchScreen.storyboard */; };
		4992EFBA28F2022B00D5F964 /* MyFirstAppTests.swift in Sources */ = {isa = PBXBuildFile; fileRef = 4992EFB928F2022B00D5F964 /* MyFirstAppTests.swift */; };
		4992EFC428F2022B00D5F964 /* MyFirstAppUITests.swift in Sources */ = {isa = PBXBuildFile; fileRef = 4992EFC328F2022B00D5F964 /* MyFirstAppUITests.swift */; };
		4992EFC628F2022B00D5F964 /* MyFirstAppUITestsLaunchTests.swift in Sources */ = {isa = PBXBuildFile; fileRef = 4992EFC528F2022B00D5F964 /* MyFirstAppUITestsLaunchTests.swift */; };
/* End PBXBuildFile section */

/* Begin PBXContainerItemProxy section */
		4992EFB628F2022B00D5F964 /* PBXContainerItemProxy */ = {
			isa = PBXContainerItemProxy;
			containerPortal = 4992EF9428F2022600D5F964 /* Project object */;
			proxyType = 1;
			remoteGlobalIDString = 4992EF9B28F2022600D5F964;
			remoteInfo = MyFirstApp;
		};
		4992EFC028F2022B00D5F964 /* PBXContainerItemProxy */ = {
			isa = PBXContainerItemProxy;
			containerPortal = 4992EF9428F2022600D5F964 /* Project object */;
			proxyType = 1;
			remoteGlobalIDString = 4992EF9B28F2022600D5F964;
			remoteInfo = MyFirstApp;
		};
/* End PBXContainerItemProxy section */

/* Begin PBXFileReference section */
		4992EF9C28F2022600D5F964 /* MyFirstApp.app */ = {isa = PBXFileReference; explicitFileType = wrapper.application; includeInIndex = 0; path = MyFirstApp.app; sourceTree = BUILT_PRODUCTS_DIR; };
		4992EF9F28F2022600D5F964 /* AppDelegate.swift */ = {isa = PBXFileReference; lastKnownFileType = sourcecode.swift; path = AppDelegate.swift; sourceTree = "<group>"; };
		4992EFA128F2022600D5F964 /* SceneDelegate.swift */ = {isa = PBXFileReference; lastKnownFileType = sourcecode.swift; path = SceneDelegate.swift; sourceTree = "<group>"; };
		4992EFA328F2022600D5F964 /* ViewController.swift */ = {isa = PBXFileReference; lastKnownFileType = sourcecode.swift; path = ViewController.swift; sourceTree = "<group>"; };
		4992EFA628F2022700D5F964 /* Base */ = {isa = PBXFileReference; lastKnownFileType = file.storyboard; name = Base; path = Base.lproj/Main.storyboard; sourceTree = "<group>"; };
		4992EFA928F2022700D5F964 /* MyFirstApp.xcdatamodel */ = {isa = PBXFileReference; lastKnownFileType = wrapper.xcdatamodel; path = MyFirstApp.xcdatamodel; sourceTree = "<group>"; };
		4992EFAB28F2022A00D5F964 /* Assets.xcassets */ = {isa = PBXFileReference; lastKnownFileType = folder.assetcatalog; path = Assets.xcassets; sourceTree = "<group>"; };
		4992EFAE28F2022A00D5F964 /* Base */ = {isa = PBXFileReference; lastKnownFileType = file.storyboard; name = Base; path = Base.lproj/LaunchScreen.storyboard; sourceTree = "<group>"; };
		4992EFB028F2022A00D5F964 /* Info.plist */ = {isa = PBXFileReference; lastKnownFileType = text.plist.xml; path = Info.plist; sourceTree = "<group>"; };
		4992EFB528F2022B00D5F964 /* MyFirstAppTests.xctest */ = {isa = PBXFileReference; explicitFileType = wrapper.cfbundle; includeInIndex = 0; path = MyFirstAppTests.xctest; sourceTree = BUILT_PRODUCTS_DIR; };
		4992EFB928F2022B00D5F964 /* MyFirstAppTests.swift */ = {isa = PBXFileReference; lastKnownFileType = sourcecode.swift; path = MyFirstAppTests.swift; sourceTree = "<group>"; };
		4992EFBF28F2022B00D5F964 /* MyFirstAppUITests.xctest */ = {isa = PBXFileReference; explicitFileType = wrapper.cfbundle; includeInIndex = 0; path = MyFirstAppUITests.xctest; sourceTree = BUILT_PRODUCTS_DIR; };
		4992EFC328F2022B00D5F964 /* MyFirstAppUITests.swift */ = {isa = PBXFileReference; lastKnownFileType = sourcecode.swift; path = MyFirstAppUITests.swift; sourceTree = "<group>"; };
		4992EFC528F2022B00D5F964 /* MyFirstAppUITestsLaunchTests.swift */ = {isa = PBXFileReference; lastKnownFileType = sourcecode.swift; path = MyFirstAppUITestsLaunchTests.swift; sourceTree = "<group>"; };
/* End PBXFileReference section */

/* Begin PBXFrameworksBuildPhase section */
		4992EF9928F2022600D5F964 /* Frameworks */ = {
			isa = PBXFrameworksBuildPhase;
			buildActionMask = 2147483647;
			files = (
			);
			runOnlyForDeploymentPostprocessing = 0;
		};
		4992EFB228F2022B00D5F964 /* Frameworks */ = {
			isa = PBXFrameworksBuildPhase;
			buildActionMask = 2147483647;
			files = (
			);
			runOnlyForDeploymentPostprocessing = 0;
		};
		4992EFBC28F2022B00D5F964 /* Frameworks */ = {
			isa = PBXFrameworksBuildPhase;
			buildActionMask = 2147483647;
			files = (
			);
			runOnlyForDeploymentPostprocessing = 0;
		};
/* End PBXFrameworksBuildPhase section */

/* Begin PBXGroup section */
		4992EF9328F2022600D5F964 = {
			isa = PBXGroup;
			children = (
				4992EF9E28F2022600D5F964 /* MyFirstApp */,
				4992EFB828F2022B00D5F964 /* MyFirstAppTests */,
				4992EFC228F2022B00D5F964 /* MyFirstAppUITests */,
				4992EF9D28F2022600D5F964 /* Products */,
			);
			sourceTree = "<group>";
		};
		4992EF9D28F2022600D5F964 /* Products */ = {
			isa = PBXGroup;
			children = (
				4992EF9C28F2022600D5F964 /* MyFirstApp.app */,
				4992EFB528F2022B00D5F964 /* MyFirstAppTests.xctest */,
				4992EFBF28F2022B00D5F964 /* MyFirstAppUITests.xctest */,
			);
			name = Products;
			sourceTree = "<group>";
		};
		4992EF9E28F2022600D5F964 /* MyFirstApp */ = {
			isa = PBXGroup;
			children = (
				4992EF9F28F2022600D5F964 /* AppDelegate.swift */,
				4992EFA128F2022600D5F964 /* SceneDelegate.swift */,
				4992EFA328F2022600D5F964 /* ViewController.swift */,
				4992EFA528F2022700D5F964 /* Main.storyboard */,
				4992EFAB28F2022A00D5F964 /* Assets.xcassets */,
				4992EFAD28F2022A00D5F964 /* LaunchScreen.storyboard */,
				4992EFB028F2022A00D5F964 /* Info.plist */,
				4992EFA828F2022700D5F964 /* MyFirstApp.xcdatamodeld */,
			);
			path = MyFirstApp;
			sourceTree = "<group>";
		};
		4992EFB828F2022B00D5F964 /* MyFirstAppTests */ = {
			isa = PBXGroup;
			children = (
				4992EFB928F2022B00D5F964 /* MyFirstAppTests.swift */,
			);
			path = MyFirstAppTests;
			sourceTree = "<group>";
		};
		4992EFC228F2022B00D5F964 /* MyFirstAppUITests */ = {
			isa = PBXGroup;
			children = (
				4992EFC328F2022B00D5F964 /* MyFirstAppUITests.swift */,
				4992EFC528F2022B00D5F964 /* MyFirstAppUITestsLaunchTests.swift */,
			);
			path = MyFirstAppUITests;
			sourceTree = "<group>";
		};
/* End PBXGroup section */

/* Begin PBXNativeTarget section */
		4992EF9B28F2022600D5F964 /* MyFirstApp */ = {
			isa = PBXNativeTarget;
			buildConfigurationList = 4992EFC928F2022B00D5F964 /* Build configuration list for PBXNativeTarget "MyFirstApp" */;
			buildPhases = (
				4992EF9828F2022600D5F964 /* Sources */,
				4992EF9928F2022600D5F964 /* Frameworks */,
				4992EF9A28F2022600D5F964 /* Resources */,
			);
			buildRules = (
			);
			dependencies = (
			);
			name = MyFirstApp;
			productName = MyFirstApp;
			productReference = 4992EF9C28F2022600D5F964 /* MyFirstApp.app */;
			productType = "com.apple.product-type.application";
		};
		4992EFB428F2022B00D5F964 /* MyFirstAppTests */ = {
			isa = PBXNativeTarget;
			buildConfigurationList = 4992EFCC28F2022B00D5F964 /* Build configuration list for PBXNativeTarget "MyFirstAppTests" */;
			buildPhases = (
				4992EFB128F2022B00D5F964 /* Sources */,
				4992EFB228F2022B00D5F964 /* Frameworks */,
				4992EFB328F2022B00D5F964 /* Resources */,
			);
			buildRules = (
			);
			dependencies = (
				4992EFB728F2022B00D5F964 /* PBXTargetDependency */,
			);
			name = MyFirstAppTests;
			productName = MyFirstAppTests;
			productReference = 4992EFB528F2022B00D5F964 /* MyFirstAppTests.xctest */;
			productType = "com.apple.product-type.bundle.unit-test";
		};
		4992EFBE28F2022B00D5F964 /* MyFirstAppUITests */ = {
			isa = PBXNativeTarget;
			buildConfigurationList = 4992EFCF28F2022B00D5F964 /* Build configuration list for PBXNativeTarget "MyFirstAppUITests" */;
			buildPhases = (
				4992EFBB28F2022B00D5F964 /* Sources */,
				4992EFBC28F2022B00D5F964 /* Frameworks */,
				4992EFBD28F2022B00D5F964 /* Resources */,
			);
			buildRules = (
			);
			dependencies = (
				4992EFC128F2022B00D5F964 /* PBXTargetDependency */,
			);
			name = MyFirstAppUITests;
			productName = MyFirstAppUITests;
			productReference = 4992EFBF28F2022B00D5F964 /* MyFirstAppUITests.xctest */;
			productType = "com.apple.product-type.bundle.ui-testing";
		};
/* End PBXNativeTarget section */

/* Begin PBXProject section */
		4992EF9428F2022600D5F964 /* Project object */ = {
			isa = PBXProject;
			attributes = {
				BuildIndependentTargetsInParallel = 1;
				LastSwiftUpdateCheck = 1320;
				LastUpgradeCheck = 1320;
				TargetAttributes = {
					4992EF9B28F2022600D5F964 = {
						CreatedOnToolsVersion = 13.2.1;
					};
					4992EFB428F2022B00D5F964 = {
						CreatedOnToolsVersion = 13.2.1;
						TestTargetID = 4992EF9B28F2022600D5F964;
					};
					4992EFBE28F2022B00D5F964 = {
						CreatedOnToolsVersion = 13.2.1;
						TestTargetID = 4992EF9B28F2022600D5F964;
					};
				};
			};
			buildConfigurationList = 4992EF9728F2022600D5F964 /* Build configuration list for PBXProject "MyFirstApp" */;
			compatibilityVersion = "Xcode 13.0";
			developmentRegion = en;
			hasScannedForEncodings = 0;
			knownRegions = (
				en,
				Base,
			);
			mainGroup = 4992EF9328F2022600D5F964;
			productRefGroup = 4992EF9D28F2022600D5F964 /* Products */;
			projectDirPath = "";
			projectRoot = "";
			targets = (
				4992EF9B28F2022600D5F964 /* MyFirstApp */,
				4992EFB428F2022B00D5F964 /* MyFirstAppTests */,
				4992EFBE28F2022B00D5F964 /* MyFirstAppUITests */,
			);
		};
/* End PBXProject section */

/* Begin PBXResourcesBuildPhase section */
		4992EF9A28F2022600D5F964 /* Resources */ = {
			isa = PBXResourcesBuildPhase;
			buildActionMask = 2147483647;
			files = (
				4992EFAF28F2022A00D5F964 /* LaunchScreen.storyboard in Resources */,
				4992EFAC28F2022A00D5F964 /* Assets.xcassets in Resources */,
				4992EFA728F2022700D5F964 /* Main.storyboard in Resources */,
			);
			runOnlyForDeploymentPostprocessing = 0;
		};
		4992EFB328F2022B00D5F964 /* Resources */ = {
			isa = PBXResourcesBuildPhase;
			buildActionMask = 2147483647;
			files = (
			);
			runOnlyForDeploymentPostprocessing = 0;
		};
		4992EFBD28F2022B00D5F964 /* Resources */ = {
			isa = PBXResourcesBuildPhase;
			buildActionMask = 2147483647;
			files = (
			);
			runOnlyForDeploymentPostprocessing = 0;
		};
/* End PBXResourcesBuildPhase section */

/* Begin PBXSourcesBuildPhase section */
		4992EF9828F2022600D5F964 /* Sources */ = {
			isa = PBXSourcesBuildPhase;
			buildActionMask = 2147483647;
			files = (
				4992EFA428F2022600D5F964 /* ViewController.swift in Sources */,
				4992EFA028F2022600D5F964 /* AppDelegate.swift in Sources */,
				4992EFAA28F2022700D5F964 /* MyFirstApp.xcdatamodeld in Sources */,
				4992EFA228F2022600D5F964 /* SceneDelegate.swift in Sources */,
			);
			runOnlyForDeploymentPostprocessing = 0;
		};
		4992EFB128F2022B00D5F964 /* Sources */ = {
			isa = PBXSourcesBuildPhase;
			buildActionMask = 2147483647;
			files = (
				4992EFBA28F2022B00D5F964 /* MyFirstAppTests.swift in Sources */,
			);
			runOnlyForDeploymentPostprocessing = 0;
		};
		4992EFBB28F2022B00D5F964 /* Sources */ = {
			isa = PBXSourcesBuildPhase;
			buildActionMask = 2147483647;
			files = (
				4992EFC428F2022B00D5F964 /* MyFirstAppUITests.swift in Sources */,
				4992EFC628F2022B00D5F964 /* MyFirstAppUITestsLaunchTests.swift in Sources */,
			);
			runOnlyForDeploymentPostprocessing = 0;
		};
/* End PBXSourcesBuildPhase section */

/* Begin PBXTargetDependency section */
		4992EFB728F2022B00D5F964 /* PBXTargetDependency */ = {
			isa = PBXTargetDependency;
			target = 4992EF9B28F2022600D5F964 /* MyFirstApp */;
			targetProxy = 4992EFB628F2022B00D5F964 /* PBXContainerItemProxy */;
		};
		4992EFC128F2022B00D5F964 /* PBXTargetDependency */ = {
			isa = PBXTargetDependency;
			target = 4992EF9B28F2022600D5F964 /* MyFirstApp */;
			targetProxy = 4992EFC028F2022B00D5F964 /* PBXContainerItemProxy */;
		};
/* End PBXTargetDependency section */

/* Begin PBXVariantGroup section */
		4992EFA528F2022700D5F964 /* Main.storyboard */ = {
			isa = PBXVariantGroup;
			children = (
				4992EFA628F2022700D5F964 /* Base */,
			);
			name = Main.storyboard;
			sourceTree = "<group>";
		};
		4992EFAD28F2022A00D5F964 /* LaunchScreen.storyboard */ = {
			isa = PBXVariantGroup;
			children = (
				4992EFAE28F2022A00D5F964 /* Base */,
			);
			name = LaunchScreen.storyboard;
			sourceTree = "<group>";
		};
/* End PBXVariantGroup section */

/* Begin XCBuildConfiguration section */
		4992EFC728F2022B00D5F964 /* Debug */ = {
			isa = XCBuildConfiguration;
			buildSettings = {
				ALWAYS_SEARCH_USER_PATHS = NO;
				CLANG_ANALYZER_NONNULL = YES;
				CLANG_ANALYZER_NUMBER_OBJECT_CONVERSION = YES_AGGRESSIVE;
				CLANG_CXX_LANGUAGE_STANDARD = "gnu++17";
				CLANG_CXX_LIBRARY = "libc++";
				CLANG_ENABLE_MODULES = YES;
				CLANG_ENABLE_OBJC_ARC = YES;
				CLANG_ENABLE_OBJC_WEAK = YES;
				CLANG_WARN_BLOCK_CAPTURE_AUTORELEASING = YES;
				CLANG_WARN_BOOL_CONVERSION = YES;
				CLANG_WARN_COMMA = YES;
				CLANG_WARN_CONSTANT_CONVERSION = YES;
				CLANG_WARN_DEPRECATED_OBJC_IMPLEMENTATIONS = YES;
				CLANG_WARN_DIRECT_OBJC_ISA_USAGE = YES_ERROR;
				CLANG_WARN_DOCUMENTATION_COMMENTS = YES;
				CLANG_WARN_EMPTY_BODY = YES;
				CLANG_WARN_ENUM_CONVERSION = YES;
				CLANG_WARN_INFINITE_RECURSION = YES;
				CLANG_WARN_INT_CONVERSION = YES;
				CLANG_WARN_NON_LITERAL_NULL_CONVERSION = YES;
				CLANG_WARN_OBJC_IMPLICIT_RETAIN_SELF = YES;
				CLANG_WARN_OBJC_LITERAL_CONVERSION = YES;
				CLANG_WARN_OBJC_ROOT_CLASS = YES_ERROR;
				CLANG_WARN_QUOTED_INCLUDE_IN_FRAMEWORK_HEADER = YES;
				CLANG_WARN_RANGE_LOOP_ANALYSIS = YES;
				CLANG_WARN_STRICT_PROTOTYPES = YES;
				CLANG_WARN_SUSPICIOUS_MOVE = YES;
				CLANG_WARN_UNGUARDED_AVAILABILITY = YES_AGGRESSIVE;
				CLANG_WARN_UNREACHABLE_CODE = YES;
				CLANG_WARN__DUPLICATE_METHOD_MATCH = YES;
				COPY_PHASE_STRIP = NO;
				DEBUG_INFORMATION_FORMAT = dwarf;
				ENABLE_STRICT_OBJC_MSGSEND = YES;
				ENABLE_TESTABILITY = YES;
				GCC_C_LANGUAGE_STANDARD = gnu11;
				GCC_DYNAMIC_NO_PIC = NO;
				GCC_NO_COMMON_BLOCKS = YES;
				GCC_OPTIMIZATION_LEVEL = 0;
				GCC_PREPROCESSOR_DEFINITIONS = (
					"DEBUG=1",
					"$(inherited)",
				);
				GCC_WARN_64_TO_32_BIT_CONVERSION = YES;
				GCC_WARN_ABOUT_RETURN_TYPE = YES_ERROR;
				GCC_WARN_UNDECLARED_SELECTOR = YES;
				GCC_WARN_UNINITIALIZED_AUTOS = YES_AGGRESSIVE;
				GCC_WARN_UNUSED_FUNCTION = YES;
				GCC_WARN_UNUSED_VARIABLE = YES;
				IPHONEOS_DEPLOYMENT_TARGET = 15.2;
				MTL_ENABLE_DEBUG_INFO = INCLUDE_SOURCE;
				MTL_FAST_MATH = YES;
				ONLY_ACTIVE_ARCH = YES;
				SDKROOT = iphoneos;
				SWIFT_ACTIVE_COMPILATION_CONDITIONS = DEBUG;
				SWIFT_OPTIMIZATION_LEVEL = "-Onone";
			};
			name = Debug;
		};
		4992EFC828F2022B00D5F964 /* Release */ = {
			isa = XCBuildConfiguration;
			buildSettings = {
				ALWAYS_SEARCH_USER_PATHS = NO;
				CLANG_ANALYZER_NONNULL = YES;
				CLANG_ANALYZER_NUMBER_OBJECT_CONVERSION = YES_AGGRESSIVE;
				CLANG_CXX_LANGUAGE_STANDARD = "gnu++17";
				CLANG_CXX_LIBRARY = "libc++";
				CLANG_ENABLE_MODULES = YES;
				CLANG_ENABLE_OBJC_ARC = YES;
				CLANG_ENABLE_OBJC_WEAK = YES;
				CLANG_WARN_BLOCK_CAPTURE_AUTORELEASING = YES;
				CLANG_WARN_BOOL_CONVERSION = YES;
				CLANG_WARN_COMMA = YES;
				CLANG_WARN_CONSTANT_CONVERSION = YES;
				CLANG_WARN_DEPRECATED_OBJC_IMPLEMENTATIONS = YES;
				CLANG_WARN_DIRECT_OBJC_ISA_USAGE = YES_ERROR;
				CLANG_WARN_DOCUMENTATION_COMMENTS = YES;
				CLANG_WARN_EMPTY_BODY = YES;
				CLANG_WARN_ENUM_CONVERSION = YES;
				CLANG_WARN_INFINITE_RECURSION = YES;
				CLANG_WARN_INT_CONVERSION = YES;
				CLANG_WARN_NON_LITERAL_NULL_CONVERSION = YES;
				CLANG_WARN_OBJC_IMPLICIT_RETAIN_SELF = YES;
				CLANG_WARN_OBJC_LITERAL_CONVERSION = YES;
				CLANG_WARN_OBJC_ROOT_CLASS = YES_ERROR;
				CLANG_WARN_QUOTED_INCLUDE_IN_FRAMEWORK_HEADER = YES;
				CLANG_WARN_RANGE_LOOP_ANALYSIS = YES;
				CLANG_WARN_STRICT_PROTOTYPES = YES;
				CLANG_WARN_SUSPICIOUS_MOVE = YES;
				CLANG_WARN_UNGUARDED_AVAILABILITY = YES_AGGRESSIVE;
				CLANG_WARN_UNREACHABLE_CODE = YES;
				CLANG_WARN__DUPLICATE_METHOD_MATCH = YES;
				COPY_PHASE_STRIP = NO;
				DEBUG_INFORMATION_FORMAT = "dwarf-with-dsym";
				ENABLE_NS_ASSERTIONS = NO;
				ENABLE_STRICT_OBJC_MSGSEND = YES;
				GCC_C_LANGUAGE_STANDARD = gnu11;
				GCC_NO_COMMON_BLOCKS = YES;
				GCC_WARN_64_TO_32_BIT_CONVERSION = YES;
				GCC_WARN_ABOUT_RETURN_TYPE = YES_ERROR;
				GCC_WARN_UNDECLARED_SELECTOR = YES;
				GCC_WARN_UNINITIALIZED_AUTOS = YES_AGGRESSIVE;
				GCC_WARN_UNUSED_FUNCTION = YES;
				GCC_WARN_UNUSED_VARIABLE = YES;
				IPHONEOS_DEPLOYMENT_TARGET = 15.2;
				MTL_ENABLE_DEBUG_INFO = NO;
				MTL_FAST_MATH = YES;
				SDKROOT = iphoneos;
				SWIFT_COMPILATION_MODE = wholemodule;
				SWIFT_OPTIMIZATION_LEVEL = "-O";
				VALIDATE_PRODUCT = YES;
			};
			name = Release;
		};
		4992EFCA28F2022B00D5F964 /* Debug */ = {
			isa = XCBuildConfiguration;
			buildSettings = {
				ASSETCATALOG_COMPILER_APPICON_NAME = AppIcon;
				ASSETCATALOG_COMPILER_GLOBAL_ACCENT_COLOR_NAME = AccentColor;
				CODE_SIGN_STYLE = Automatic;
				CURRENT_PROJECT_VERSION = 1;
				DEVELOPMENT_TEAM = 2LTAD45734;
				GENERATE_INFOPLIST_FILE = YES;
				INFOPLIST_FILE = MyFirstApp/Info.plist;
				INFOPLIST_KEY_UIApplicationSupportsIndirectInputEvents = YES;
				INFOPLIST_KEY_UILaunchStoryboardName = LaunchScreen;
				INFOPLIST_KEY_UIMainStoryboardFile = Main;
				INFOPLIST_KEY_UISupportedInterfaceOrientations_iPad = "UIInterfaceOrientationPortrait UIInterfaceOrientationPortraitUpsideDown UIInterfaceOrientationLandscapeLeft UIInterfaceOrientationLandscapeRight";
				INFOPLIST_KEY_UISupportedInterfaceOrientations_iPhone = "UIInterfaceOrientationPortrait UIInterfaceOrientationLandscapeLeft UIInterfaceOrientationLandscapeRight";
				LD_RUNPATH_SEARCH_PATHS = (
					"$(inherited)",
					"@executable_path/Frameworks",
				);
				MARKETING_VERSION = 1.0;
				PRODUCT_BUNDLE_IDENTIFIER = com.digipatient.MyFirstApp;
				PRODUCT_NAME = "$(TARGET_NAME)";
				SWIFT_EMIT_LOC_STRINGS = YES;
				SWIFT_VERSION = 5.0;
				TARGETED_DEVICE_FAMILY = "1,2";
			};
			name = Debug;
		};
		4992EFCB28F2022B00D5F964 /* Release */ = {
			isa = XCBuildConfiguration;
			buildSettings = {
				ASSETCATALOG_COMPILER_APPICON_NAME = AppIcon;
				ASSETCATALOG_COMPILER_GLOBAL_ACCENT_COLOR_NAME = AccentColor;
				CODE_SIGN_STYLE = Automatic;
				CURRENT_PROJECT_VERSION = 1;
				DEVELOPMENT_TEAM = 2LTAD45734;
				GENERATE_INFOPLIST_FILE = YES;
				INFOPLIST_FILE = MyFirstApp/Info.plist;
				INFOPLIST_KEY_UIApplicationSupportsIndirectInputEvents = YES;
				INFOPLIST_KEY_UILaunchStoryboardName = LaunchScreen;
				INFOPLIST_KEY_UIMainStoryboardFile = Main;
				INFOPLIST_KEY_UISupportedInterfaceOrientations_iPad = "UIInterfaceOrientationPortrait UIInterfaceOrientationPortraitUpsideDown UIInterfaceOrientationLandscapeLeft UIInterfaceOrientationLandscapeRight";
				INFOPLIST_KEY_UISupportedInterfaceOrientations_iPhone = "UIInterfaceOrientationPortrait UIInterfaceOrientationLandscapeLeft UIInterfaceOrientationLandscapeRight";
				LD_RUNPATH_SEARCH_PATHS = (
					"$(inherited)",
					"@executable_path/Frameworks",
				);
				MARKETING_VERSION = 1.0;
				PRODUCT_BUNDLE_IDENTIFIER = com.digipatient.MyFirstApp;
				PRODUCT_NAME = "$(TARGET_NAME)";
				SWIFT_EMIT_LOC_STRINGS = YES;
				SWIFT_VERSION = 5.0;
				TARGETED_DEVICE_FAMILY = "1,2";
			};
			name = Release;
		};
		4992EFCD28F2022B00D5F964 /* Debug */ = {
			isa = XCBuildConfiguration;
			buildSettings = {
				ALWAYS_EMBED_SWIFT_STANDARD_LIBRARIES = YES;
				BUNDLE_LOADER = "$(TEST_HOST)";
				CODE_SIGN_STYLE = Automatic;
				CURRENT_PROJECT_VERSION = 1;
				DEVELOPMENT_TEAM = 2LTAD45734;
				GENERATE_INFOPLIST_FILE = YES;
				IPHONEOS_DEPLOYMENT_TARGET = 15.2;
				MARKETING_VERSION = 1.0;
				PRODUCT_BUNDLE_IDENTIFIER = com.digipatient.MyFirstAppTests;
				PRODUCT_NAME = "$(TARGET_NAME)";
				SWIFT_EMIT_LOC_STRINGS = NO;
				SWIFT_VERSION = 5.0;
				TARGETED_DEVICE_FAMILY = "1,2";
				TEST_HOST = "$(BUILT_PRODUCTS_DIR)/MyFirstApp.app/MyFirstApp";
			};
			name = Debug;
		};
		4992EFCE28F2022B00D5F964 /* Release */ = {
			isa = XCBuildConfiguration;
			buildSettings = {
				ALWAYS_EMBED_SWIFT_STANDARD_LIBRARIES = YES;
				BUNDLE_LOADER = "$(TEST_HOST)";
				CODE_SIGN_STYLE = Automatic;
				CURRENT_PROJECT_VERSION = 1;
				DEVELOPMENT_TEAM = 2LTAD45734;
				GENERATE_INFOPLIST_FILE = YES;
				IPHONEOS_DEPLOYMENT_TARGET = 15.2;
				MARKETING_VERSION = 1.0;
				PRODUCT_BUNDLE_IDENTIFIER = com.digipatient.MyFirstAppTests;
				PRODUCT_NAME = "$(TARGET_NAME)";
				SWIFT_EMIT_LOC_STRINGS = NO;
				SWIFT_VERSION = 5.0;
				TARGETED_DEVICE_FAMILY = "1,2";
				TEST_HOST = "$(BUILT_PRODUCTS_DIR)/MyFirstApp.app/MyFirstApp";
			};
			name = Release;
		};
		4992EFD028F2022B00D5F964 /* Debug */ = {
			isa = XCBuildConfiguration;
			buildSettings = {
				ALWAYS_EMBED_SWIFT_STANDARD_LIBRARIES = YES;
				CODE_SIGN_STYLE = Automatic;
				CURRENT_PROJECT_VERSION = 1;
				DEVELOPMENT_TEAM = 2LTAD45734;
				GENERATE_INFOPLIST_FILE = YES;
				MARKETING_VERSION = 1.0;
				PRODUCT_BUNDLE_IDENTIFIER = com.digipatient.MyFirstAppUITests;
				PRODUCT_NAME = "$(TARGET_NAME)";
				SWIFT_EMIT_LOC_STRINGS = NO;
				SWIFT_VERSION = 5.0;
				TARGETED_DEVICE_FAMILY = "1,2";
				TEST_TARGET_NAME = MyFirstApp;
			};
			name = Debug;
		};
		4992EFD128F2022B00D5F964 /* Release */ = {
			isa = XCBuildConfiguration;
			buildSettings = {
				ALWAYS_EMBED_SWIFT_STANDARD_LIBRARIES = YES;
				CODE_SIGN_STYLE = Automatic;
				CURRENT_PROJECT_VERSION = 1;
				DEVELOPMENT_TEAM = 2LTAD45734;
				GENERATE_INFOPLIST_FILE = YES;
				MARKETING_VERSION = 1.0;
				PRODUCT_BUNDLE_IDENTIFIER = com.digipatient.MyFirstAppUITests;
				PRODUCT_NAME = "$(TARGET_NAME)";
				SWIFT_EMIT_LOC_STRINGS = NO;
				SWIFT_VERSION = 5.0;
				TARGETED_DEVICE_FAMILY = "1,2";
				TEST_TARGET_NAME = MyFirstApp;
			};
			name = Release;
		};
/* End XCBuildConfiguration section */

/* Begin XCConfigurationList section */
		4992EF9728F2022600D5F964 /* Build configuration list for PBXProject "MyFirstApp" */ = {
			isa = XCConfigurationList;
			buildConfigurations = (
				4992EFC728F2022B00D5F964 /* Debug */,
				4992EFC828F2022B00D5F964 /* Release */,
			);
			defaultConfigurationIsVisible = 0;
			defaultConfigurationName = Release;
		};
		4992EFC928F2022B00D5F964 /* Build configuration list for PBXNativeTarget "MyFirstApp" */ = {
			isa = XCConfigurationList;
			buildConfigurations = (
				4992EFCA28F2022B00D5F964 /* Debug */,
				4992EFCB28F2022B00D5F964 /* Release */,
			);
			defaultConfigurationIsVisible = 0;
			defaultConfigurationName = Release;
		};
		4992EFCC28F2022B00D5F964 /* Build configuration list for PBXNativeTarget "MyFirstAppTests" */ = {
			isa = XCConfigurationList;
			buildConfigurations = (
				4992EFCD28F2022B00D5F964 /* Debug */,
				4992EFCE28F2022B00D5F964 /* Release */,
			);
			defaultConfigurationIsVisible = 0;
			defaultConfigurationName = Release;
		};
		4992EFCF28F2022B00D5F964 /* Build configuration list for PBXNativeTarget "MyFirstAppUITests" */ = {
			isa = XCConfigurationList;
			buildConfigurations = (
				4992EFD028F2022B00D5F964 /* Debug */,
				4992EFD128F2022B00D5F964 /* Release */,
			);
			defaultConfigurationIsVisible = 0;
			defaultConfigurationName = Release;
		};
/* End XCConfigurationList section */

/* Begin XCVersionGroup section */
		4992EFA828F2022700D5F964 /* MyFirstApp.xcdatamodeld */ = {
			isa = XCVersionGroup;
			children = (
				4992EFA928F2022700D5F964 /* MyFirstApp.xcdatamodel */,
			);
			currentVersion = 4992EFA928F2022700D5F964 /* MyFirstApp.xcdatamodel */;
			path = MyFirstApp.xcdatamodeld;
			sourceTree = "<group>";
			versionGroupType = wrapper.xcdatamodel;
		};
/* End XCVersionGroup section */
	};
	rootObject = 4992EF9428F2022600D5F964 /* Project object */;
}
